{
  "originHash" : "62f33f331a951bf499696787c90cd4556e0862a6def456a842d8bcbe8256f74d",
  "pins" : [
    {
      "identity" : "wwhudui",
      "kind" : "remoteSourceControl",
      "location" : "https://github.com/William-Weng/WWHUDUI",
      "state" : {
        "revision" : "ccd65f2b9c1b6bda17bf982e0b6a9776b98613f4",
        "version" : "1.1.0"
      }
    }
  ],
  "version" : 3
}
