{
  "originHash" : "62f33f331a951bf499696787c90cd4556e0862a6def456a842d8bcbe8256f74d",
  "pins" : [
    {
      "identity" : "wwhudui",
      "kind" : "remoteSourceControl",
      "location" : "https://github.com/William-Weng/WWHUDUI",
      "state" : {
        "revision" : "0c94efad784324fc2f4ddb541a9eebfda70b0c87",
        "version" : "1.0.1"
      }
    }
  ],
  "version" : 3
}
